
Microsoft Visual Studio Solution File, Format Version 12.00
# Visual Studio Version 17
VisualStudioVersion = 17.6.33829.357
MinimumVisualStudioVersion = 10.0.40219.1
Project("{8BC9CEB8-8B4A-11D0-8D11-00A0C91BC942}") = "test", "test.vcxproj", "{268DEF04-F6A6-4192-A1A0-6AAACAC753E1}"
EndProject
Global
	GlobalSection(SolutionConfigurationPlatforms) = preSolution
		Debug|x64 = Debug|x64
		Debug|x86 = Debug|x86
		Release|x64 = Release|x64
		Release|x86 = Release|x86
	EndGlobalSection
	GlobalSection(ProjectConfigurationPlatforms) = postSolution
		{268DEF04-F6A6-4192-A1A0-6AAACAC753E1}.Debug|x64.ActiveCfg = Debug|x64
		{268DEF04-F6A6-4192-A1A0-6AAACAC753E1}.Debug|x64.Build.0 = Debug|x64
		{268DEF04-F6A6-4192-A1A0-6AAACAC753E1}.Debug|x86.ActiveCfg = Debug|Win32
		{268DEF04-F6A6-4192-A1A0-6AAACAC753E1}.Debug|x86.Build.0 = Debug|Win32
		{268DEF04-F6A6-4192-A1A0-6AAACAC753E1}.Release|x64.ActiveCfg = Release|x64
		{268DEF04-F6A6-4192-A1A0-6AAACAC753E1}.Release|x64.Build.0 = Release|x64
		{268DEF04-F6A6-4192-A1A0-6AAACAC753E1}.Release|x86.ActiveCfg = Release|Win32
		{268DEF04-F6A6-4192-A1A0-6AAACAC753E1}.Release|x86.Build.0 = Release|Win32
	EndGlobalSection
	GlobalSection(SolutionProperties) = preSolution
		HideSolutionNode = FALSE
	EndGlobalSection
	GlobalSection(ExtensibilityGlobals) = postSolution
		SolutionGuid = {28E522F3-A577-43CC-B45B-20C759723B35}
	EndGlobalSection
EndGlobal
